
Microsoft Visual Studio Solution File, Format Version 12.00
# Visual Studio Version 17
VisualStudioVersion = 17.1.32319.34
MinimumVisualStudioVersion = 10.0.40219.1
Project("{FAE04EC0-301F-11D3-BF4B-00C04F79EFBC}") = "PracticaWeb3junio8", "PracticaWeb3junio8\PracticaWeb3junio8.csproj", "{F7F7F400-B14D-4EAE-ADAE-0ED88954F07F}"
EndProject
Global
	GlobalSection(SolutionConfigurationPlatforms) = preSolution
		Debug|Any CPU = Debug|Any CPU
		Release|Any CPU = Release|Any CPU
	EndGlobalSection
	GlobalSection(ProjectConfigurationPlatforms) = postSolution
		{F7F7F400-B14D-4EAE-ADAE-0ED88954F07F}.Debug|Any CPU.ActiveCfg = Debug|Any CPU
		{F7F7F400-B14D-4EAE-ADAE-0ED88954F07F}.Debug|Any CPU.Build.0 = Debug|Any CPU
		{F7F7F400-B14D-4EAE-ADAE-0ED88954F07F}.Release|Any CPU.ActiveCfg = Release|Any CPU
		{F7F7F400-B14D-4EAE-ADAE-0ED88954F07F}.Release|Any CPU.Build.0 = Release|Any CPU
	EndGlobalSection
	GlobalSection(SolutionProperties) = preSolution
		HideSolutionNode = FALSE
	EndGlobalSection
	GlobalSection(ExtensibilityGlobals) = postSolution
		SolutionGuid = {903E9BFE-7042-45BC-B335-9B4E47AD9AE6}
	EndGlobalSection
EndGlobal
